
Microsoft Visual Studio Solution File, Format Version 12.00
# Visual Studio 15
VisualStudioVersion = 15.0.27130.2036
MinimumVisualStudioVersion = 10.0.40219.1
Project("{8BC9CEB8-8B4A-11D0-8D11-00A0C91BC942}") = "p4", "p4\p4.vcxproj", "{BCAEB502-F939-4EC0-80D4-A25D72DABBD9}"
EndProject
Global
	GlobalSection(SolutionConfigurationPlatforms) = preSolution
		Debug|x64 = Debug|x64
		Debug|x86 = Debug|x86
		Release|x64 = Release|x64
		Release|x86 = Release|x86
	EndGlobalSection
	GlobalSection(ProjectConfigurationPlatforms) = postSolution
		{BCAEB502-F939-4EC0-80D4-A25D72DABBD9}.Debug|x64.ActiveCfg = Debug|x64
		{BCAEB502-F939-4EC0-80D4-A25D72DABBD9}.Debug|x64.Build.0 = Debug|x64
		{BCAEB502-F939-4EC0-80D4-A25D72DABBD9}.Debug|x86.ActiveCfg = Debug|Win32
		{BCAEB502-F939-4EC0-80D4-A25D72DABBD9}.Debug|x86.Build.0 = Debug|Win32
		{BCAEB502-F939-4EC0-80D4-A25D72DABBD9}.Release|x64.ActiveCfg = Release|x64
		{BCAEB502-F939-4EC0-80D4-A25D72DABBD9}.Release|x64.Build.0 = Release|x64
		{BCAEB502-F939-4EC0-80D4-A25D72DABBD9}.Release|x86.ActiveCfg = Release|Win32
		{BCAEB502-F939-4EC0-80D4-A25D72DABBD9}.Release|x86.Build.0 = Release|Win32
	EndGlobalSection
	GlobalSection(SolutionProperties) = preSolution
		HideSolutionNode = FALSE
	EndGlobalSection
	GlobalSection(ExtensibilityGlobals) = postSolution
		SolutionGuid = {4B55E9B4-287E-45E3-874D-294F2BB62205}
	EndGlobalSection
EndGlobal
